# THIS IS AN AUTOGENERATED FILE. DO NOT EDIT THIS FILE DIRECTLY.
# yarn lockfile v1


sweetalert2@^10.16.4:
  version "10.16.4"
  resolved "https://registry.yarnpkg.com/sweetalert2/-/sweetalert2-10.16.4.tgz#77eafc05d9e5b27ca49f6acac6c42345c9aa8a55"
  integrity sha512-DMrHpGH8/Dyoly1bTzIQkwDS61atgYL8D8fPsvtVuxpgHRJuk80KAIq5Alw+kHTuQtfLQYF4xwiHKJPdaoaPGg==
